PODS:
  - Flutter (1.0.0)
  - vungle (0.0.1):
    - Flutter
    - VungleSDK-iOS (= 6.3.2)
  - VungleSDK-iOS (6.3.2)

DEPENDENCIES:
  - Flutter (from `Flutter`)
  - vungle (from `.symlinks/plugins/vungle/ios`)

SPEC REPOS:
  trunk:
    - VungleSDK-iOS

EXTERNAL SOURCES:
  Flutter:
    :path: Flutter
  vungle:
    :path: ".symlinks/plugins/vungle/ios"

SPEC CHECKSUMS:
  Flutter: 434fef37c0980e73bb6479ef766c45957d4b510c
  vungle: e9b470935c934d5dbf7060e60340c1dbe44d9f72
  VungleSDK-iOS: 69a7f407b60281d2954ffc5eeeac349fbfed51d6

PODFILE CHECKSUM: 8e679eca47255a8ca8067c4c67aab20e64cb974d

COCOAPODS: 1.10.0
